
Microsoft Visual Studio Solution File, Format Version 12.00
# Visual Studio Version 16
VisualStudioVersion = 16.0.31613.86
MinimumVisualStudioVersion = 10.0.40219.1
Project("{FAE04EC0-301F-11D3-BF4B-00C04F79EFBC}") = "tarea4", "tarea4.csproj", "{B3B6A6B1-5B49-41E5-B0BC-279D0B5ECB7D}"
EndProject
Global
	GlobalSection(SolutionConfigurationPlatforms) = preSolution
		Debug|Any CPU = Debug|Any CPU
		Release|Any CPU = Release|Any CPU
	EndGlobalSection
	GlobalSection(ProjectConfigurationPlatforms) = postSolution
		{B3B6A6B1-5B49-41E5-B0BC-279D0B5ECB7D}.Debug|Any CPU.ActiveCfg = Debug|Any CPU
		{B3B6A6B1-5B49-41E5-B0BC-279D0B5ECB7D}.Debug|Any CPU.Build.0 = Debug|Any CPU
		{B3B6A6B1-5B49-41E5-B0BC-279D0B5ECB7D}.Release|Any CPU.ActiveCfg = Release|Any CPU
		{B3B6A6B1-5B49-41E5-B0BC-279D0B5ECB7D}.Release|Any CPU.Build.0 = Release|Any CPU
	EndGlobalSection
	GlobalSection(SolutionProperties) = preSolution
		HideSolutionNode = FALSE
	EndGlobalSection
	GlobalSection(ExtensibilityGlobals) = postSolution
		SolutionGuid = {8E82E784-3F4A-4550-B789-B21571DD00D9}
	EndGlobalSection
EndGlobal
