
Microsoft Visual Studio Solution File, Format Version 12.00
# Visual Studio Version 16
VisualStudioVersion = 16.0.31613.86
MinimumVisualStudioVersion = 10.0.40219.1
Project("{FAE04EC0-301F-11D3-BF4B-00C04F79EFBC}") = "tarea1", "tarea1.csproj", "{C927FC45-EC4F-4A04-B4D5-135F24ADE5B2}"
EndProject
Global
	GlobalSection(SolutionConfigurationPlatforms) = preSolution
		Debug|Any CPU = Debug|Any CPU
		Release|Any CPU = Release|Any CPU
	EndGlobalSection
	GlobalSection(ProjectConfigurationPlatforms) = postSolution
		{C927FC45-EC4F-4A04-B4D5-135F24ADE5B2}.Debug|Any CPU.ActiveCfg = Debug|Any CPU
		{C927FC45-EC4F-4A04-B4D5-135F24ADE5B2}.Debug|Any CPU.Build.0 = Debug|Any CPU
		{C927FC45-EC4F-4A04-B4D5-135F24ADE5B2}.Release|Any CPU.ActiveCfg = Release|Any CPU
		{C927FC45-EC4F-4A04-B4D5-135F24ADE5B2}.Release|Any CPU.Build.0 = Release|Any CPU
	EndGlobalSection
	GlobalSection(SolutionProperties) = preSolution
		HideSolutionNode = FALSE
	EndGlobalSection
	GlobalSection(ExtensibilityGlobals) = postSolution
		SolutionGuid = {AF86DE0D-D75A-4794-B066-C6DE33A5834A}
	EndGlobalSection
EndGlobal
